# THIS IS AN AUTOGENERATED FILE. DO NOT EDIT THIS FILE DIRECTLY.
# yarn lockfile v1


"@types/json5@^0.0.29":
  version "0.0.29"
  resolved "https://registry.yarnpkg.com/@types/json5/-/json5-0.0.29.tgz#ee28707ae94e11d2b827bcbe5270bcea7f3e71ee"
  integrity sha1-7ihweulOEdK4J7y+UnC86n8+ce4=

ansi-colors@^1.0.1:
  version "1.1.0"
  resolved "https://registry.yarnpkg.com/ansi-colors/-/ansi-colors-1.1.0.tgz#6374b4dd5d4718ff3ce27a671a3b1cad077132a9"
  integrity sha512-SFKX67auSNoVR38N3L+nvsPjOE0bybKTYbkf5tRvushrAPQ9V75huw0ZxBkKVeRU9kqH3d6HA4xTckbwZ4ixmA==
  dependencies:
    ansi-wrap "^0.1.0"

ansi-colors@^3.0.0:
  version "3.2.1"
  resolved "https://registry.yarnpkg.com/ansi-colors/-/ansi-colors-3.2.1.tgz#9638047e4213f3428a11944a7d4b31cba0a3ff95"
  integrity sha512-Xt+zb6nqgvV9SWAVp0EG3lRsHcbq5DDgqjPPz6pwgtj6RKz65zGXMNa82oJfOSBA/to6GmRP7Dr+6o+kbApTzQ==

ansi-wrap@^0.1.0:
  version "0.1.0"
  resolved "https://registry.yarnpkg.com/ansi-wrap/-/ansi-wrap-0.1.0.tgz#a82250ddb0015e9a27ca82e82ea603bbfa45efaf"
  integrity sha1-qCJQ3bABXponyoLoLqYDu/pF768=

arr-diff@^4.0.0:
  version "4.0.0"
  resolved "https://registry.yarnpkg.com/arr-diff/-/arr-diff-4.0.0.tgz#d6461074febfec71e7e15235761a329a5dc7c520"
  integrity sha1-1kYQdP6/7HHn4VI1dhoyml3HxSA=

arr-union@^3.1.0:
  version "3.1.0"
  resolved "https://registry.yarnpkg.com/arr-union/-/arr-union-3.1.0.tgz#e39b09aea9def866a8f206e288af63919bae39c4"
  integrity sha1-45sJrqne+Gao8gbiiK9jkZuuOcQ=

assign-symbols@^1.0.0:
  version "1.0.0"
  resolved "https://registry.yarnpkg.com/assign-symbols/-/assign-symbols-1.0.0.tgz#59667f41fadd4f20ccbc2bb96b8d4f7f78ec0367"
  integrity sha1-WWZ/QfrdTyDMvCu5a41Pf3jsA2c=

deepmerge@^2.0.1:
  version "2.2.1"
  resolved "https://registry.yarnpkg.com/deepmerge/-/deepmerge-2.2.1.tgz#5d3ff22a01c00f645405a2fbc17d0778a1801170"
  integrity sha512-R9hc1Xa/NOBi9WRVUWg19rl1UB7Tt4kuPd+thNJgFZoxXsTz7ncaPaeIm+40oSGuP33DfMb4sZt1QIGiJzC4EA==

extend-shallow@^3.0.2:
  version "3.0.2"
  resolved "https://registry.yarnpkg.com/extend-shallow/-/extend-shallow-3.0.2.tgz#26a71aaf073b39fb2127172746131c2704028db8"
  integrity sha1-Jqcarwc7OfshJxcnRhMcJwQCjbg=
  dependencies:
    assign-symbols "^1.0.0"
    is-extendable "^1.0.1"

is-extendable@^1.0.1:
  version "1.0.1"
  resolved "https://registry.yarnpkg.com/is-extendable/-/is-extendable-1.0.1.tgz#a7470f9e426733d81bd81e1155264e3a3507cab4"
  integrity sha512-arnXMxT1hhoKo9k1LZdmlNyJdDDfy2v0fXjFlmok4+i8ul/6WlbVge9bhM74OpNPQPMGUToDtz+KXa1PneJxOA==
  dependencies:
    is-plain-object "^2.0.4"

is-plain-object@^2.0.4:
  version "2.0.4"
  resolved "https://registry.yarnpkg.com/is-plain-object/-/is-plain-object-2.0.4.tgz#2c163b3fafb1b606d9d17928f05c2a1c38e07677"
  integrity sha512-h5PpgXkWitc38BBMYawTYMWJHFZJVnBquFE57xFpjB8pJFiF6gZ+bU+WyI/yqXiFR5mdLsgYNaPe8uao6Uv9Og==
  dependencies:
    isobject "^3.0.1"

isobject@^3.0.1:
  version "3.0.1"
  resolved "https://registry.yarnpkg.com/isobject/-/isobject-3.0.1.tgz#4e431e92b11a9731636aa1f9c8d1ccbcfdab78df"
  integrity sha1-TkMekrEalzFjaqH5yNHMvP2reN8=

json5@^1.0.1:
  version "1.0.1"
  resolved "https://registry.yarnpkg.com/json5/-/json5-1.0.1.tgz#779fb0018604fa854eacbf6252180d83543e3dbe"
  integrity sha512-aKS4WQjPenRxiQsC93MNfjx+nbF4PAdYzmd/1JIj8HYzqfbu86beTuNgXDzPknWk0n0uARlyewZo4s++ES36Ow==
  dependencies:
    minimist "^1.2.0"

minimist@^1.2.0:
  version "1.2.0"
  resolved "https://registry.yarnpkg.com/minimist/-/minimist-1.2.0.tgz#a35008b20f41383eec1fb914f4cd5df79a264284"
  integrity sha1-o1AIsg9BOD7sH7kU9M1d95omQoQ=

plugin-error@^1.0.1:
  version "1.0.1"
  resolved "https://registry.yarnpkg.com/plugin-error/-/plugin-error-1.0.1.tgz#77016bd8919d0ac377fdcdd0322328953ca5781c"
  integrity sha512-L1zP0dk7vGweZME2i+EeakvUNqSrdiI3F91TwEoYiGrAfUXmVv6fJIq4g82PAXxNsWOp0J7ZqQy/3Szz0ajTxA==
  dependencies:
    ansi-colors "^1.0.1"
    arr-diff "^4.0.0"
    arr-union "^3.1.0"
    extend-shallow "^3.0.2"

strip-bom@^3.0.0:
  version "3.0.0"
  resolved "https://registry.yarnpkg.com/strip-bom/-/strip-bom-3.0.0.tgz#2334c18e9c759f7bdd56fdef7e9ae3d588e68ed3"
  integrity sha1-IzTBjpx1n3vdVv3vfprj1YjmjtM=

tsconfig-paths@^3.7.0:
  version "3.7.0"
  resolved "https://registry.yarnpkg.com/tsconfig-paths/-/tsconfig-paths-3.7.0.tgz#02ae978db447b22e09dafcd4198be95c4885ceb2"
  integrity sha512-7iE+Q/2E1lgvxD+c0Ot+GFFmgmfIjt/zCayyruXkXQ84BLT85gHXy0WSoQSiuFX9+d+keE/jiON7notV74ZY+A==
  dependencies:
    "@types/json5" "^0.0.29"
    deepmerge "^2.0.1"
    json5 "^1.0.1"
    minimist "^1.2.0"
    strip-bom "^3.0.0"

uuid@^3.3.2:
  version "3.3.2"
  resolved "https://registry.yarnpkg.com/uuid/-/uuid-3.3.2.tgz#1b4af4955eb3077c501c23872fc6513811587131"
  integrity sha512-yXJmeNaw3DnnKAOKJE51sL/ZaYfWJRl1pK9dr19YFCu0ObS231AB1/LbqTKRAQ5kw8A90rA6fr4riOUpTZvQZA==

webpack-log@^2.0.0:
  version "2.0.0"
  resolved "https://registry.yarnpkg.com/webpack-log/-/webpack-log-2.0.0.tgz#5b7928e0637593f119d32f6227c1e0ac31e1b47f"
  integrity sha512-cX8G2vR/85UYG59FgkoMamwHUIkSSlV3bBMRsbxVXVUk2j6NleCKjQ/WE9eYg9WY4w25O9w8wKP4rzNZFmUcUg==
  dependencies:
    ansi-colors "^3.0.0"
    uuid "^3.3.2"
